
Microsoft Visual Studio Solution File, Format Version 12.00
# Visual Studio Version 16
VisualStudioVersion = 16.0.31402.337
MinimumVisualStudioVersion = 10.0.40219.1
Project("{9A19103F-16F7-4668-BE54-9A1E7A4F7556}") = "Conway.Core", "Conway.Core\Conway.Core.csproj", "{BDF74927-1786-4E46-818A-3317C6931F81}"
EndProject
Project("{9A19103F-16F7-4668-BE54-9A1E7A4F7556}") = "Conway.Data", "Conway.Data\Conway.Data.csproj", "{4DA0F2B5-6F74-4A4C-9C0F-102BE7C8A003}"
EndProject
Project("{9A19103F-16F7-4668-BE54-9A1E7A4F7556}") = "Conway.Service", "Conway.Service\Conway.Service.csproj", "{5499E3BA-70FB-4A2B-ABA1-CE7F9F9150FE}"
EndProject
Project("{9A19103F-16F7-4668-BE54-9A1E7A4F7556}") = "Conway.XUnitTest", "Conway.XUnitTest\Conway.XUnitTest.csproj", "{8D820AF8-DBD4-4190-9EF6-E03D71E0F89A}"
EndProject
Project("{9A19103F-16F7-4668-BE54-9A1E7A4F7556}") = "Conway.RESTService", "Conway.RESTService\Conway.RESTService.csproj", "{9BC5CD1B-6DAD-4148-BE49-19A5730B2293}"
EndProject
Project("{FAE04EC0-301F-11D3-BF4B-00C04F79EFBC}") = "win form", "..\..\..\..\Conway_API-master\win form\win form.csproj", "{9CD438E9-E47C-42A9-8322-C8C66E0DEB45}"
EndProject
Global
	GlobalSection(SolutionConfigurationPlatforms) = preSolution
		Debug|Any CPU = Debug|Any CPU
		Release|Any CPU = Release|Any CPU
	EndGlobalSection
	GlobalSection(ProjectConfigurationPlatforms) = postSolution
		{BDF74927-1786-4E46-818A-3317C6931F81}.Debug|Any CPU.ActiveCfg = Debug|Any CPU
		{BDF74927-1786-4E46-818A-3317C6931F81}.Debug|Any CPU.Build.0 = Debug|Any CPU
		{BDF74927-1786-4E46-818A-3317C6931F81}.Release|Any CPU.ActiveCfg = Release|Any CPU
		{BDF74927-1786-4E46-818A-3317C6931F81}.Release|Any CPU.Build.0 = Release|Any CPU
		{4DA0F2B5-6F74-4A4C-9C0F-102BE7C8A003}.Debug|Any CPU.ActiveCfg = Debug|Any CPU
		{4DA0F2B5-6F74-4A4C-9C0F-102BE7C8A003}.Debug|Any CPU.Build.0 = Debug|Any CPU
		{4DA0F2B5-6F74-4A4C-9C0F-102BE7C8A003}.Release|Any CPU.ActiveCfg = Release|Any CPU
		{4DA0F2B5-6F74-4A4C-9C0F-102BE7C8A003}.Release|Any CPU.Build.0 = Release|Any CPU
		{5499E3BA-70FB-4A2B-ABA1-CE7F9F9150FE}.Debug|Any CPU.ActiveCfg = Debug|Any CPU
		{5499E3BA-70FB-4A2B-ABA1-CE7F9F9150FE}.Debug|Any CPU.Build.0 = Debug|Any CPU
		{5499E3BA-70FB-4A2B-ABA1-CE7F9F9150FE}.Release|Any CPU.ActiveCfg = Release|Any CPU
		{5499E3BA-70FB-4A2B-ABA1-CE7F9F9150FE}.Release|Any CPU.Build.0 = Release|Any CPU
		{8D820AF8-DBD4-4190-9EF6-E03D71E0F89A}.Debug|Any CPU.ActiveCfg = Debug|Any CPU
		{8D820AF8-DBD4-4190-9EF6-E03D71E0F89A}.Debug|Any CPU.Build.0 = Debug|Any CPU
		{8D820AF8-DBD4-4190-9EF6-E03D71E0F89A}.Release|Any CPU.ActiveCfg = Release|Any CPU
		{8D820AF8-DBD4-4190-9EF6-E03D71E0F89A}.Release|Any CPU.Build.0 = Release|Any CPU
		{9BC5CD1B-6DAD-4148-BE49-19A5730B2293}.Debug|Any CPU.ActiveCfg = Debug|Any CPU
		{9BC5CD1B-6DAD-4148-BE49-19A5730B2293}.Debug|Any CPU.Build.0 = Debug|Any CPU
		{9BC5CD1B-6DAD-4148-BE49-19A5730B2293}.Release|Any CPU.ActiveCfg = Release|Any CPU
		{9BC5CD1B-6DAD-4148-BE49-19A5730B2293}.Release|Any CPU.Build.0 = Release|Any CPU
		{9CD438E9-E47C-42A9-8322-C8C66E0DEB45}.Debug|Any CPU.ActiveCfg = Debug|Any CPU
		{9CD438E9-E47C-42A9-8322-C8C66E0DEB45}.Debug|Any CPU.Build.0 = Debug|Any CPU
		{9CD438E9-E47C-42A9-8322-C8C66E0DEB45}.Release|Any CPU.ActiveCfg = Release|Any CPU
		{9CD438E9-E47C-42A9-8322-C8C66E0DEB45}.Release|Any CPU.Build.0 = Release|Any CPU
	EndGlobalSection
	GlobalSection(SolutionProperties) = preSolution
		HideSolutionNode = FALSE
	EndGlobalSection
	GlobalSection(ExtensibilityGlobals) = postSolution
		SolutionGuid = {D542EA38-DBD4-4E68-8FFE-16B8852541A4}
	EndGlobalSection
EndGlobal
